{
  "originHash" : "2ee31b3e8858da063d9ddc7445d3ace7db55fa5e493767b149b15db77243129b",
  "pins" : [
    {
      "identity" : "sfsymbolspickerforswiftui",
      "kind" : "remoteSourceControl",
      "location" : "https://github.com/alessiorubicini/SFSymbolsPickerForSwiftUI",
      "state" : {
        "revision" : "73c909b8a7fc77a30dd04208e33f759f8b52c4c8",
        "version" : "1.0.6"
      }
    }
  ],
  "version" : 3
}
