// !$*UTF8*$!
{
	archiveVersion = 1;
	classes = {
	};
	objectVersion = 56;
	objects = {

/* Begin PBXBuildFile section */
		F13F88FD2C2F04660037826D /* inventoryApp.swift in Sources */ = {isa = PBXBuildFile; fileRef = F13F88FC2C2F04660037826D /* inventoryApp.swift */; };
		F13F88FF2C2F04660037826D /* ContentView.swift in Sources */ = {isa = PBXBuildFile; fileRef = F13F88FE2C2F04660037826D /* ContentView.swift */; };
		F13F89012C2F04670037826D /* Assets.xcassets in Resources */ = {isa = PBXBuildFile; fileRef = F13F89002C2F04670037826D /* Assets.xcassets */; };
		F13F89042C2F04670037826D /* Preview Assets.xcassets in Resources */ = {isa = PBXBuildFile; fileRef = F13F89032C2F04670037826D /* Preview Assets.xcassets */; };
		F13F890B2C2F05660037826D /* HomeView.swift in Sources */ = {isa = PBXBuildFile; fileRef = F13F890A2C2F05660037826D /* HomeView.swift */; };
		F13F890D2C2F0B550037826D /* InventoryObjects.swift in Sources */ = {isa = PBXBuildFile; fileRef = F13F890C2C2F0B550037826D /* InventoryObjects.swift */; };
		F13F890F2C2F0D570037826D /* README.md in Resources */ = {isa = PBXBuildFile; fileRef = F13F890E2C2F0D570037826D /* README.md */; };
		F13F89112C2F0F080037826D /* InventoryManager.swift in Sources */ = {isa = PBXBuildFile; fileRef = F13F89102C2F0F080037826D /* InventoryManager.swift */; };
/* End PBXBuildFile section */

/* Begin PBXFileReference section */
		F13F88F92C2F04660037826D /* inventory.app */ = {isa = PBXFileReference; explicitFileType = wrapper.application; includeInIndex = 0; path = inventory.app; sourceTree = BUILT_PRODUCTS_DIR; };
		F13F88FC2C2F04660037826D /* inventoryApp.swift */ = {isa = PBXFileReference; lastKnownFileType = sourcecode.swift; path = inventoryApp.swift; sourceTree = "<group>"; };
		F13F88FE2C2F04660037826D /* ContentView.swift */ = {isa = PBXFileReference; lastKnownFileType = sourcecode.swift; path = ContentView.swift; sourceTree = "<group>"; };
		F13F89002C2F04670037826D /* Assets.xcassets */ = {isa = PBXFileReference; lastKnownFileType = folder.assetcatalog; path = Assets.xcassets; sourceTree = "<group>"; };
		F13F89032C2F04670037826D /* Preview Assets.xcassets */ = {isa = PBXFileReference; lastKnownFileType = folder.assetcatalog; path = "Preview Assets.xcassets"; sourceTree = "<group>"; };
		F13F890A2C2F05660037826D /* HomeView.swift */ = {isa = PBXFileReference; lastKnownFileType = sourcecode.swift; path = HomeView.swift; sourceTree = "<group>"; };
		F13F890C2C2F0B550037826D /* InventoryObjects.swift */ = {isa = PBXFileReference; lastKnownFileType = sourcecode.swift; path = InventoryObjects.swift; sourceTree = "<group>"; };
		F13F890E2C2F0D570037826D /* README.md */ = {isa = PBXFileReference; lastKnownFileType = net.daringfireball.markdown; path = README.md; sourceTree = "<group>"; };
		F13F89102C2F0F080037826D /* InventoryManager.swift */ = {isa = PBXFileReference; lastKnownFileType = sourcecode.swift; path = InventoryManager.swift; sourceTree = "<group>"; };
/* End PBXFileReference section */

/* Begin PBXFrameworksBuildPhase section */
		F13F88F62C2F04660037826D /* Frameworks */ = {
			isa = PBXFrameworksBuildPhase;
			buildActionMask = 2147483647;
			files = (
			);
			runOnlyForDeploymentPostprocessing = 0;
		};
/* End PBXFrameworksBuildPhase section */

/* Begin PBXGroup section */
		F13F88F02C2F04660037826D = {
			isa = PBXGroup;
			children = (
				F13F88FB2C2F04660037826D /* inventory */,
				F13F88FA2C2F04660037826D /* Products */,
			);
			sourceTree = "<group>";
		};
		F13F88FA2C2F04660037826D /* Products */ = {
			isa = PBXGroup;
			children = (
				F13F88F92C2F04660037826D /* inventory.app */,
			);
			name = Products;
			sourceTree = "<group>";
		};
		F13F88FB2C2F04660037826D /* inventory */ = {
			isa = PBXGroup;
			children = (
				F13F88FC2C2F04660037826D /* inventoryApp.swift */,
				F13F88FE2C2F04660037826D /* ContentView.swift */,
				F13F89102C2F0F080037826D /* InventoryManager.swift */,
				F13F890C2C2F0B550037826D /* InventoryObjects.swift */,
				F13F890E2C2F0D570037826D /* README.md */,
				F13F890A2C2F05660037826D /* HomeView.swift */,
				F13F89002C2F04670037826D /* Assets.xcassets */,
				F13F89022C2F04670037826D /* Preview Content */,
			);
			path = inventory;
			sourceTree = "<group>";
		};
		F13F89022C2F04670037826D /* Preview Content */ = {
			isa = PBXGroup;
			children = (
				F13F89032C2F04670037826D /* Preview Assets.xcassets */,
			);
			path = "Preview Content";
			sourceTree = "<group>";
		};
/* End PBXGroup section */

/* Begin PBXNativeTarget section */
		F13F88F82C2F04660037826D /* inventory */ = {
			isa = PBXNativeTarget;
			buildConfigurationList = F13F89072C2F04670037826D /* Build configuration list for PBXNativeTarget "inventory" */;
			buildPhases = (
				F13F88F52C2F04660037826D /* Sources */,
				F13F88F62C2F04660037826D /* Frameworks */,
				F13F88F72C2F04660037826D /* Resources */,
			);
			buildRules = (
			);
			dependencies = (
			);
			name = inventory;
			productName = inventory;
			productReference = F13F88F92C2F04660037826D /* inventory.app */;
			productType = "com.apple.product-type.application";
		};
/* End PBXNativeTarget section */

/* Begin PBXProject section */
		F13F88F12C2F04660037826D /* Project object */ = {
			isa = PBXProject;
			attributes = {
				BuildIndependentTargetsInParallel = 1;
				LastSwiftUpdateCheck = 1540;
				LastUpgradeCheck = 1540;
				TargetAttributes = {
					F13F88F82C2F04660037826D = {
						CreatedOnToolsVersion = 15.4;
					};
				};
			};
			buildConfigurationList = F13F88F42C2F04660037826D /* Build configuration list for PBXProject "inventory" */;
			compatibilityVersion = "Xcode 14.0";
			developmentRegion = en;
			hasScannedForEncodings = 0;
			knownRegions = (
				en,
				Base,
			);
			mainGroup = F13F88F02C2F04660037826D;
			productRefGroup = F13F88FA2C2F04660037826D /* Products */;
			projectDirPath = "";
			projectRoot = "";
			targets = (
				F13F88F82C2F04660037826D /* inventory */,
			);
		};
/* End PBXProject section */

/* Begin PBXResourcesBuildPhase section */
		F13F88F72C2F04660037826D /* Resources */ = {
			isa = PBXResourcesBuildPhase;
			buildActionMask = 2147483647;
			files = (
				F13F890F2C2F0D570037826D /* README.md in Resources */,
				F13F89042C2F04670037826D /* Preview Assets.xcassets in Resources */,
				F13F89012C2F04670037826D /* Assets.xcassets in Resources */,
			);
			runOnlyForDeploymentPostprocessing = 0;
		};
/* End PBXResourcesBuildPhase section */

/* Begin PBXSourcesBuildPhase section */
		F13F88F52C2F04660037826D /* Sources */ = {
			isa = PBXSourcesBuildPhase;
			buildActionMask = 2147483647;
			files = (
				F13F890B2C2F05660037826D /* HomeView.swift in Sources */,
				F13F89112C2F0F080037826D /* InventoryManager.swift in Sources */,
				F13F890D2C2F0B550037826D /* InventoryObjects.swift in Sources */,
				F13F88FF2C2F04660037826D /* ContentView.swift in Sources */,
				F13F88FD2C2F04660037826D /* inventoryApp.swift in Sources */,
			);
			runOnlyForDeploymentPostprocessing = 0;
		};
/* End PBXSourcesBuildPhase section */

/* Begin XCBuildConfiguration section */
		F13F89052C2F04670037826D /* Debug */ = {
			isa = XCBuildConfiguration;
			buildSettings = {
				ALWAYS_SEARCH_USER_PATHS = NO;
				ASSETCATALOG_COMPILER_GENERATE_SWIFT_ASSET_SYMBOL_EXTENSIONS = YES;
				CLANG_ANALYZER_NONNULL = YES;
				CLANG_ANALYZER_NUMBER_OBJECT_CONVERSION = YES_AGGRESSIVE;
				CLANG_CXX_LANGUAGE_STANDARD = "gnu++20";
				CLANG_ENABLE_MODULES = YES;
				CLANG_ENABLE_OBJC_ARC = YES;
				CLANG_ENABLE_OBJC_WEAK = YES;
				CLANG_WARN_BLOCK_CAPTURE_AUTORELEASING = YES;
				CLANG_WARN_BOOL_CONVERSION = YES;
				CLANG_WARN_COMMA = YES;
				CLANG_WARN_CONSTANT_CONVERSION = YES;
				CLANG_WARN_DEPRECATED_OBJC_IMPLEMENTATIONS = YES;
				CLANG_WARN_DIRECT_OBJC_ISA_USAGE = YES_ERROR;
				CLANG_WARN_DOCUMENTATION_COMMENTS = YES;
				CLANG_WARN_EMPTY_BODY = YES;
				CLANG_WARN_ENUM_CONVERSION = YES;
				CLANG_WARN_INFINITE_RECURSION = YES;
				CLANG_WARN_INT_CONVERSION = YES;
				CLANG_WARN_NON_LITERAL_NULL_CONVERSION = YES;
				CLANG_WARN_OBJC_IMPLICIT_RETAIN_SELF = YES;
				CLANG_WARN_OBJC_LITERAL_CONVERSION = YES;
				CLANG_WARN_OBJC_ROOT_CLASS = YES_ERROR;
				CLANG_WARN_QUOTED_INCLUDE_IN_FRAMEWORK_HEADER = YES;
				CLANG_WARN_RANGE_LOOP_ANALYSIS = YES;
				CLANG_WARN_STRICT_PROTOTYPES = YES;
				CLANG_WARN_SUSPICIOUS_MOVE = YES;
				CLANG_WARN_UNGUARDED_AVAILABILITY = YES_AGGRESSIVE;
				CLANG_WARN_UNREACHABLE_CODE = YES;
				CLANG_WARN__DUPLICATE_METHOD_MATCH = YES;
				COPY_PHASE_STRIP = NO;
				DEBUG_INFORMATION_FORMAT = dwarf;
				ENABLE_STRICT_OBJC_MSGSEND = YES;
				ENABLE_TESTABILITY = YES;
				ENABLE_USER_SCRIPT_SANDBOXING = YES;
				GCC_C_LANGUAGE_STANDARD = gnu17;
				GCC_DYNAMIC_NO_PIC = NO;
				GCC_NO_COMMON_BLOCKS = YES;
				GCC_OPTIMIZATION_LEVEL = 0;
				GCC_PREPROCESSOR_DEFINITIONS = (
					"DEBUG=1",
					"$(inherited)",
				);
				GCC_WARN_64_TO_32_BIT_CONVERSION = YES;
				GCC_WARN_ABOUT_RETURN_TYPE = YES_ERROR;
				GCC_WARN_UNDECLARED_SELECTOR = YES;
				GCC_WARN_UNINITIALIZED_AUTOS = YES_AGGRESSIVE;
				GCC_WARN_UNUSED_FUNCTION = YES;
				GCC_WARN_UNUSED_VARIABLE = YES;
				IPHONEOS_DEPLOYMENT_TARGET = 17.5;
				LOCALIZATION_PREFERS_STRING_CATALOGS = YES;
				MTL_ENABLE_DEBUG_INFO = INCLUDE_SOURCE;
				MTL_FAST_MATH = YES;
				ONLY_ACTIVE_ARCH = YES;
				SDKROOT = iphoneos;
				SWIFT_ACTIVE_COMPILATION_CONDITIONS = "DEBUG $(inherited)";
				SWIFT_OPTIMIZATION_LEVEL = "-Onone";
			};
			name = Debug;
		};
		F13F89062C2F04670037826D /* Release */ = {
			isa = XCBuildConfiguration;
			buildSettings = {
				ALWAYS_SEARCH_USER_PATHS = NO;
				ASSETCATALOG_COMPILER_GENERATE_SWIFT_ASSET_SYMBOL_EXTENSIONS = YES;
				CLANG_ANALYZER_NONNULL = YES;
				CLANG_ANALYZER_NUMBER_OBJECT_CONVERSION = YES_AGGRESSIVE;
				CLANG_CXX_LANGUAGE_STANDARD = "gnu++20";
				CLANG_ENABLE_MODULES = YES;
				CLANG_ENABLE_OBJC_ARC = YES;
				CLANG_ENABLE_OBJC_WEAK = YES;
				CLANG_WARN_BLOCK_CAPTURE_AUTORELEASING = YES;
				CLANG_WARN_BOOL_CONVERSION = YES;
				CLANG_WARN_COMMA = YES;
				CLANG_WARN_CONSTANT_CONVERSION = YES;
				CLANG_WARN_DEPRECATED_OBJC_IMPLEMENTATIONS = YES;
				CLANG_WARN_DIRECT_OBJC_ISA_USAGE = YES_ERROR;
				CLANG_WARN_DOCUMENTATION_COMMENTS = YES;
				CLANG_WARN_EMPTY_BODY = YES;
				CLANG_WARN_ENUM_CONVERSION = YES;
				CLANG_WARN_INFINITE_RECURSION = YES;
				CLANG_WARN_INT_CONVERSION = YES;
				CLANG_WARN_NON_LITERAL_NULL_CONVERSION = YES;
				CLANG_WARN_OBJC_IMPLICIT_RETAIN_SELF = YES;
				CLANG_WARN_OBJC_LITERAL_CONVERSION = YES;
				CLANG_WARN_OBJC_ROOT_CLASS = YES_ERROR;
				CLANG_WARN_QUOTED_INCLUDE_IN_FRAMEWORK_HEADER = YES;
				CLANG_WARN_RANGE_LOOP_ANALYSIS = YES;
				CLANG_WARN_STRICT_PROTOTYPES = YES;
				CLANG_WARN_SUSPICIOUS_MOVE = YES;
				CLANG_WARN_UNGUARDED_AVAILABILITY = YES_AGGRESSIVE;
				CLANG_WARN_UNREACHABLE_CODE = YES;
				CLANG_WARN__DUPLICATE_METHOD_MATCH = YES;
				COPY_PHASE_STRIP = NO;
				DEBUG_INFORMATION_FORMAT = "dwarf-with-dsym";
				ENABLE_NS_ASSERTIONS = NO;
				ENABLE_STRICT_OBJC_MSGSEND = YES;
				ENABLE_USER_SCRIPT_SANDBOXING = YES;
				GCC_C_LANGUAGE_STANDARD = gnu17;
				GCC_NO_COMMON_BLOCKS = YES;
				GCC_WARN_64_TO_32_BIT_CONVERSION = YES;
				GCC_WARN_ABOUT_RETURN_TYPE = YES_ERROR;
				GCC_WARN_UNDECLARED_SELECTOR = YES;
				GCC_WARN_UNINITIALIZED_AUTOS = YES_AGGRESSIVE;
				GCC_WARN_UNUSED_FUNCTION = YES;
				GCC_WARN_UNUSED_VARIABLE = YES;
				IPHONEOS_DEPLOYMENT_TARGET = 17.5;
				LOCALIZATION_PREFERS_STRING_CATALOGS = YES;
				MTL_ENABLE_DEBUG_INFO = NO;
				MTL_FAST_MATH = YES;
				SDKROOT = iphoneos;
				SWIFT_COMPILATION_MODE = wholemodule;
				VALIDATE_PRODUCT = YES;
			};
			name = Release;
		};
		F13F89082C2F04670037826D /* Debug */ = {
			isa = XCBuildConfiguration;
			buildSettings = {
				ASSETCATALOG_COMPILER_APPICON_NAME = AppIcon;
				ASSETCATALOG_COMPILER_GLOBAL_ACCENT_COLOR_NAME = AccentColor;
				CODE_SIGN_STYLE = Automatic;
				CURRENT_PROJECT_VERSION = 1;
				DEVELOPMENT_ASSET_PATHS = "\"inventory/Preview Content\"";
				DEVELOPMENT_TEAM = VYG284C3Z9;
				ENABLE_PREVIEWS = YES;
				GENERATE_INFOPLIST_FILE = YES;
				INFOPLIST_KEY_UIApplicationSceneManifest_Generation = YES;
				INFOPLIST_KEY_UIApplicationSupportsIndirectInputEvents = YES;
				INFOPLIST_KEY_UILaunchScreen_Generation = YES;
				INFOPLIST_KEY_UISupportedInterfaceOrientations_iPad = "UIInterfaceOrientationPortrait UIInterfaceOrientationPortraitUpsideDown UIInterfaceOrientationLandscapeLeft UIInterfaceOrientationLandscapeRight";
				INFOPLIST_KEY_UISupportedInterfaceOrientations_iPhone = "UIInterfaceOrientationPortrait UIInterfaceOrientationLandscapeLeft UIInterfaceOrientationLandscapeRight";
				LD_RUNPATH_SEARCH_PATHS = (
					"$(inherited)",
					"@executable_path/Frameworks",
				);
				MARKETING_VERSION = 1.0;
				PRODUCT_BUNDLE_IDENTIFIER = com.contyapps.personal.inventory;
				PRODUCT_NAME = "$(TARGET_NAME)";
				SWIFT_EMIT_LOC_STRINGS = YES;
				SWIFT_VERSION = 5.0;
				TARGETED_DEVICE_FAMILY = "1,2";
			};
			name = Debug;
		};
		F13F89092C2F04670037826D /* Release */ = {
			isa = XCBuildConfiguration;
			buildSettings = {
				ASSETCATALOG_COMPILER_APPICON_NAME = AppIcon;
				ASSETCATALOG_COMPILER_GLOBAL_ACCENT_COLOR_NAME = AccentColor;
				CODE_SIGN_STYLE = Automatic;
				CURRENT_PROJECT_VERSION = 1;
				DEVELOPMENT_ASSET_PATHS = "\"inventory/Preview Content\"";
				DEVELOPMENT_TEAM = VYG284C3Z9;
				ENABLE_PREVIEWS = YES;
				GENERATE_INFOPLIST_FILE = YES;
				INFOPLIST_KEY_UIApplicationSceneManifest_Generation = YES;
				INFOPLIST_KEY_UIApplicationSupportsIndirectInputEvents = YES;
				INFOPLIST_KEY_UILaunchScreen_Generation = YES;
				INFOPLIST_KEY_UISupportedInterfaceOrientations_iPad = "UIInterfaceOrientationPortrait UIInterfaceOrientationPortraitUpsideDown UIInterfaceOrientationLandscapeLeft UIInterfaceOrientationLandscapeRight";
				INFOPLIST_KEY_UISupportedInterfaceOrientations_iPhone = "UIInterfaceOrientationPortrait UIInterfaceOrientationLandscapeLeft UIInterfaceOrientationLandscapeRight";
				LD_RUNPATH_SEARCH_PATHS = (
					"$(inherited)",
					"@executable_path/Frameworks",
				);
				MARKETING_VERSION = 1.0;
				PRODUCT_BUNDLE_IDENTIFIER = com.contyapps.personal.inventory;
				PRODUCT_NAME = "$(TARGET_NAME)";
				SWIFT_EMIT_LOC_STRINGS = YES;
				SWIFT_VERSION = 5.0;
				TARGETED_DEVICE_FAMILY = "1,2";
			};
			name = Release;
		};
/* End XCBuildConfiguration section */

/* Begin XCConfigurationList section */
		F13F88F42C2F04660037826D /* Build configuration list for PBXProject "inventory" */ = {
			isa = XCConfigurationList;
			buildConfigurations = (
				F13F89052C2F04670037826D /* Debug */,
				F13F89062C2F04670037826D /* Release */,
			);
			defaultConfigurationIsVisible = 0;
			defaultConfigurationName = Release;
		};
		F13F89072C2F04670037826D /* Build configuration list for PBXNativeTarget "inventory" */ = {
			isa = XCConfigurationList;
			buildConfigurations = (
				F13F89082C2F04670037826D /* Debug */,
				F13F89092C2F04670037826D /* Release */,
			);
			defaultConfigurationIsVisible = 0;
			defaultConfigurationName = Release;
		};
/* End XCConfigurationList section */
	};
	rootObject = F13F88F12C2F04660037826D /* Project object */;
}
